Microsoft Visual Studio Solution File, Format Version 12.00
# Visual Studio 15
VisualStudioVersion = 15.0.26124.0
MinimumVisualStudioVersion = 15.0.26124.0
Project("{9A19103F-16F7-4668-BE54-9A1E7A4F7556}") = "timescaler", "TimeScaler\timescaler.csproj", "{6E294952-BBDC-4D2E-852E-8476FCD380B0}"
EndProject
Project("{9A19103F-16F7-4668-BE54-9A1E7A4F7556}") = "CamelCup.Test", "CamelCup.Test\CamelCup.Test.csproj", "{9A202515-1EF3-495D-946F-5F24730ED9C1}"
EndProject
Project("{9A19103F-16F7-4668-BE54-9A1E7A4F7556}") = "CamelCup.Web", "CamelCup.Web\CamelCup.Web.csproj", "{360EEEBE-C357-4371-B496-8807A1C8FD82}"
EndProject
Project("{9A19103F-16F7-4668-BE54-9A1E7A4F7556}") = "CamelCup.Player", "CamelCup.Player\CamelCup.Player.csproj", "{8AE27B9B-A32F-4222-804C-78B9D2C723C4}"
EndProject
Project("{9A19103F-16F7-4668-BE54-9A1E7A4F7556}") = "CamelCup.External", "CamelCup.External\CamelCup.External.csproj", "{1B1840F3-C4C7-445A-B72A-CA13F1A09875}"
EndProject
Project("{9A19103F-16F7-4668-BE54-9A1E7A4F7556}") = "CamelCup.Game", "CamelCup.Game\CamelCup.Game.csproj", "{6DB73312-2AEC-448A-AA1E-63B08DF23909}"
EndProject
Global
	GlobalSection(SolutionConfigurationPlatforms) = preSolution
		Debug|Any CPU = Debug|Any CPU
		Debug|x64 = Debug|x64
		Debug|x86 = Debug|x86
		Release|Any CPU = Release|Any CPU
		Release|x64 = Release|x64
		Release|x86 = Release|x86
	EndGlobalSection
	GlobalSection(ProjectConfigurationPlatforms) = postSolution
		{6E294952-BBDC-4D2E-852E-8476FCD380B0}.Debug|Any CPU.ActiveCfg = Debug|Any CPU
		{6E294952-BBDC-4D2E-852E-8476FCD380B0}.Debug|Any CPU.Build.0 = Debug|Any CPU
		{6E294952-BBDC-4D2E-852E-8476FCD380B0}.Debug|x64.ActiveCfg = Debug|Any CPU
		{6E294952-BBDC-4D2E-852E-8476FCD380B0}.Debug|x64.Build.0 = Debug|Any CPU
		{6E294952-BBDC-4D2E-852E-8476FCD380B0}.Debug|x86.ActiveCfg = Debug|Any CPU
		{6E294952-BBDC-4D2E-852E-8476FCD380B0}.Debug|x86.Build.0 = Debug|Any CPU
		{6E294952-BBDC-4D2E-852E-8476FCD380B0}.Release|Any CPU.ActiveCfg = Release|Any CPU
		{6E294952-BBDC-4D2E-852E-8476FCD380B0}.Release|Any CPU.Build.0 = Release|Any CPU
		{6E294952-BBDC-4D2E-852E-8476FCD380B0}.Release|x64.ActiveCfg = Release|Any CPU
		{6E294952-BBDC-4D2E-852E-8476FCD380B0}.Release|x64.Build.0 = Release|Any CPU
		{6E294952-BBDC-4D2E-852E-8476FCD380B0}.Release|x86.ActiveCfg = Release|Any CPU
		{6E294952-BBDC-4D2E-852E-8476FCD380B0}.Release|x86.Build.0 = Release|Any CPU
		{9A202515-1EF3-495D-946F-5F24730ED9C1}.Debug|Any CPU.ActiveCfg = Debug|Any CPU
		{9A202515-1EF3-495D-946F-5F24730ED9C1}.Debug|Any CPU.Build.0 = Debug|Any CPU
		{9A202515-1EF3-495D-946F-5F24730ED9C1}.Debug|x64.ActiveCfg = Debug|Any CPU
		{9A202515-1EF3-495D-946F-5F24730ED9C1}.Debug|x64.Build.0 = Debug|Any CPU
		{9A202515-1EF3-495D-946F-5F24730ED9C1}.Debug|x86.ActiveCfg = Debug|Any CPU
		{9A202515-1EF3-495D-946F-5F24730ED9C1}.Debug|x86.Build.0 = Debug|Any CPU
		{9A202515-1EF3-495D-946F-5F24730ED9C1}.Release|Any CPU.ActiveCfg = Release|Any CPU
		{9A202515-1EF3-495D-946F-5F24730ED9C1}.Release|Any CPU.Build.0 = Release|Any CPU
		{9A202515-1EF3-495D-946F-5F24730ED9C1}.Release|x64.ActiveCfg = Release|Any CPU
		{9A202515-1EF3-495D-946F-5F24730ED9C1}.Release|x64.Build.0 = Release|Any CPU
		{9A202515-1EF3-495D-946F-5F24730ED9C1}.Release|x86.ActiveCfg = Release|Any CPU
		{9A202515-1EF3-495D-946F-5F24730ED9C1}.Release|x86.Build.0 = Release|Any CPU
		{360EEEBE-C357-4371-B496-8807A1C8FD82}.Debug|Any CPU.ActiveCfg = Debug|Any CPU
		{360EEEBE-C357-4371-B496-8807A1C8FD82}.Debug|Any CPU.Build.0 = Debug|Any CPU
		{360EEEBE-C357-4371-B496-8807A1C8FD82}.Debug|x64.ActiveCfg = Debug|Any CPU
		{360EEEBE-C357-4371-B496-8807A1C8FD82}.Debug|x64.Build.0 = Debug|Any CPU
		{360EEEBE-C357-4371-B496-8807A1C8FD82}.Debug|x86.ActiveCfg = Debug|Any CPU
		{360EEEBE-C357-4371-B496-8807A1C8FD82}.Debug|x86.Build.0 = Debug|Any CPU
		{360EEEBE-C357-4371-B496-8807A1C8FD82}.Release|Any CPU.ActiveCfg = Release|Any CPU
		{360EEEBE-C357-4371-B496-8807A1C8FD82}.Release|Any CPU.Build.0 = Release|Any CPU
		{360EEEBE-C357-4371-B496-8807A1C8FD82}.Release|x64.ActiveCfg = Release|Any CPU
		{360EEEBE-C357-4371-B496-8807A1C8FD82}.Release|x64.Build.0 = Release|Any CPU
		{360EEEBE-C357-4371-B496-8807A1C8FD82}.Release|x86.ActiveCfg = Release|Any CPU
		{360EEEBE-C357-4371-B496-8807A1C8FD82}.Release|x86.Build.0 = Release|Any CPU
		{8AE27B9B-A32F-4222-804C-78B9D2C723C4}.Debug|Any CPU.ActiveCfg = Debug|Any CPU
		{8AE27B9B-A32F-4222-804C-78B9D2C723C4}.Debug|Any CPU.Build.0 = Debug|Any CPU
		{8AE27B9B-A32F-4222-804C-78B9D2C723C4}.Debug|x64.ActiveCfg = Debug|Any CPU
		{8AE27B9B-A32F-4222-804C-78B9D2C723C4}.Debug|x64.Build.0 = Debug|Any CPU
		{8AE27B9B-A32F-4222-804C-78B9D2C723C4}.Debug|x86.ActiveCfg = Debug|Any CPU
		{8AE27B9B-A32F-4222-804C-78B9D2C723C4}.Debug|x86.Build.0 = Debug|Any CPU
		{8AE27B9B-A32F-4222-804C-78B9D2C723C4}.Release|Any CPU.ActiveCfg = Release|Any CPU
		{8AE27B9B-A32F-4222-804C-78B9D2C723C4}.Release|Any CPU.Build.0 = Release|Any CPU
		{8AE27B9B-A32F-4222-804C-78B9D2C723C4}.Release|x64.ActiveCfg = Release|Any CPU
		{8AE27B9B-A32F-4222-804C-78B9D2C723C4}.Release|x64.Build.0 = Release|Any CPU
		{8AE27B9B-A32F-4222-804C-78B9D2C723C4}.Release|x86.ActiveCfg = Release|Any CPU
		{8AE27B9B-A32F-4222-804C-78B9D2C723C4}.Release|x86.Build.0 = Release|Any CPU
		{1B1840F3-C4C7-445A-B72A-CA13F1A09875}.Debug|Any CPU.ActiveCfg = Debug|Any CPU
		{1B1840F3-C4C7-445A-B72A-CA13F1A09875}.Debug|Any CPU.Build.0 = Debug|Any CPU
		{1B1840F3-C4C7-445A-B72A-CA13F1A09875}.Debug|x64.ActiveCfg = Debug|Any CPU
		{1B1840F3-C4C7-445A-B72A-CA13F1A09875}.Debug|x64.Build.0 = Debug|Any CPU
		{1B1840F3-C4C7-445A-B72A-CA13F1A09875}.Debug|x86.ActiveCfg = Debug|Any CPU
		{1B1840F3-C4C7-445A-B72A-CA13F1A09875}.Debug|x86.Build.0 = Debug|Any CPU
		{1B1840F3-C4C7-445A-B72A-CA13F1A09875}.Release|Any CPU.ActiveCfg = Release|Any CPU
		{1B1840F3-C4C7-445A-B72A-CA13F1A09875}.Release|Any CPU.Build.0 = Release|Any CPU
		{1B1840F3-C4C7-445A-B72A-CA13F1A09875}.Release|x64.ActiveCfg = Release|Any CPU
		{1B1840F3-C4C7-445A-B72A-CA13F1A09875}.Release|x64.Build.0 = Release|Any CPU
		{1B1840F3-C4C7-445A-B72A-CA13F1A09875}.Release|x86.ActiveCfg = Release|Any CPU
		{1B1840F3-C4C7-445A-B72A-CA13F1A09875}.Release|x86.Build.0 = Release|Any CPU
		{6DB73312-2AEC-448A-AA1E-63B08DF23909}.Debug|Any CPU.ActiveCfg = Debug|Any CPU
		{6DB73312-2AEC-448A-AA1E-63B08DF23909}.Debug|Any CPU.Build.0 = Debug|Any CPU
		{6DB73312-2AEC-448A-AA1E-63B08DF23909}.Debug|x64.ActiveCfg = Debug|Any CPU
		{6DB73312-2AEC-448A-AA1E-63B08DF23909}.Debug|x64.Build.0 = Debug|Any CPU
		{6DB73312-2AEC-448A-AA1E-63B08DF23909}.Debug|x86.ActiveCfg = Debug|Any CPU
		{6DB73312-2AEC-448A-AA1E-63B08DF23909}.Debug|x86.Build.0 = Debug|Any CPU
		{6DB73312-2AEC-448A-AA1E-63B08DF23909}.Release|Any CPU.ActiveCfg = Release|Any CPU
		{6DB73312-2AEC-448A-AA1E-63B08DF23909}.Release|Any CPU.Build.0 = Release|Any CPU
		{6DB73312-2AEC-448A-AA1E-63B08DF23909}.Release|x64.ActiveCfg = Release|Any CPU
		{6DB73312-2AEC-448A-AA1E-63B08DF23909}.Release|x64.Build.0 = Release|Any CPU
		{6DB73312-2AEC-448A-AA1E-63B08DF23909}.Release|x86.ActiveCfg = Release|Any CPU
		{6DB73312-2AEC-448A-AA1E-63B08DF23909}.Release|x86.Build.0 = Release|Any CPU
	EndGlobalSection
	GlobalSection(SolutionProperties) = preSolution
		HideSolutionNode = FALSE
	EndGlobalSection
	GlobalSection(ExtensibilityGlobals) = postSolution
		SolutionGuid = {BB85EDAF-9881-4083-9CC9-DCD5218FEC21}
	EndGlobalSection
EndGlobal
